<?xml version="1.0" encoding="utf-8"?>
<Project ToolsVersion="4.0" xmlns="http://schemas.microsoft.com/developer/msbuild/2003">
  <ItemGroup>
    <Filter Include="Header Files">
      <UniqueIdentifier>{93995380-89BD-4b04-88EB-625FBE52EBFB}</UniqueIdentifier>
      <Extensions>h;hh;hpp;hxx;h++;hm;inl;inc;ipp;xsd</Extensions>
    </Filter>
    <Filter Include="Resource Files">
      <UniqueIdentifier>{67DA6AB6-F800-4c08-8B7A-83BB121AAD01}</UniqueIdentifier>
      <Extensions>rc;ico;cur;bmp;dlg;rc2;rct;bin;rgs;gif;jpg;jpeg;jpe;resx;tiff;tif;png;wav;mfcribbon-ms</Extensions>
    </Filter>
    <Filter Include="Resource Files\Source Files">
      <UniqueIdentifier>{4FC737F1-C7A5-4376-A066-2A32D752A2FF}</UniqueIdentifier>
      <Extensions>cpp;c;cc;cxx;c++;cppm;ixx;def;odl;idl;hpj;bat;asm;asmx</Extensions>
    </Filter>
  </ItemGroup>
  <ItemGroup>
    <ClCompile Include="ONE WEEK1.cpp">
      <Filter>Resource Files\Source Files</Filter>
    </ClCompile>
  </ItemGroup>
  <ItemGroup>
    <Image Include="..\assets\Fondos\botones.jpeg">
      <Filter>Resource Files</Filter>
    </Image>
    <Image Include="..\assets\Fondos\botonjugar.png">
      <Filter>Resource Files</Filter>
    </Image>
    <Image Include="..\assets\Fondos\botonsimple.png">
      <Filter>Resource Files</Filter>
    </Image>
    <Image Include="..\assets\Fondos\buenosdiaschatcuadro.jpeg">
      <Filter>Resource Files</Filter>
    </Image>
    <Image Include="..\assets\Fondos\buenosdiasopciones.jpeg">
      <Filter>Resource Files</Filter>
    </Image>
    <Image Include="..\assets\Fondos\cuartoconhoja.png">
      <Filter>Resource Files</Filter>
    </Image>
    <Image Include="..\assets\Fondos\cuartoconhojayboton.png">
      <Filter>Resource Files</Filter>
    </Image>
    <Image Include="..\assets\Fondos\cuartoconluz.jpeg">
      <Filter>Resource Files</Filter>
    </Image>
    <Image Include="..\assets\Fondos\cuartoconluzcuadro.jpeg">
      <Filter>Resource Files</Filter>
    </Image>
    <Image Include="..\assets\Fondos\cuartoconopciones.jpeg">
      <Filter>Resource Files</Filter>
    </Image>
    <Image Include="..\assets\Fondos\CUARTOOSCURO.png">
      <Filter>Resource Files</Filter>
    </Image>
    <Image Include="..\assets\Fondos\cuartoscurocuadro.jpeg">
      <Filter>Resource Files</Filter>
    </Image>
    <Image Include="..\assets\Fondos\cuartosinluz.png">
      <Filter>Resource Files</Filter>
    </Image>
    <Image Include="..\assets\Fondos\cuartosinluzycuadro.jpeg">
      <Filter>Resource Files</Filter>
    </Image>
    <Image Include="..\assets\Fondos\cuartotexto.png">
      <Filter>Resource Files</Filter>
    </Image>
    <Image Include="..\assets\Fuentes\Cute Love.png">
      <Filter>Resource Files</Filter>
    </Image>
    <Image Include="..\assets\Fondos\dia1.png">
      <Filter>Resource Files</Filter>
    </Image>
    <Image Include="..\assets\Fondos\elijetupersonaje.jpeg">
      <Filter>Resource Files</Filter>
    </Image>
    <Image Include="..\assets\Fondos\escenatulipanes.jpeg">
      <Filter>Resource Files</Filter>
    </Image>
    <Image Include="..\assets\Fondos\fechaimportante.png">
      <Filter>Resource Files</Filter>
    </Image>
    <Image Include="..\assets\Fondos\fechaimportante1.png">
      <Filter>Resource Files</Filter>
    </Image>
    <Image Include="..\assets\Fondos\fotonovia.jpeg">
      <Filter>Resource Files</Filter>
    </Image>
    <Image Include="..\assets\Fondos\fotonoviacuadro.jpeg">
      <Filter>Resource Files</Filter>
    </Image>
    <Image Include="..\assets\Fondos\illeanapasillo.png">
      <Filter>Resource Files</Filter>
    </Image>
    <Image Include="..\assets\Fondos\illeanapasillocuadro.png">
      <Filter>Resource Files</Filter>
    </Image>
    <Image Include="..\assets\Fondos\illeanapasillocuadro1.png">
      <Filter>Resource Files</Filter>
    </Image>
    <Image Include="..\assets\Fondos\inicio.jpeg">
      <Filter>Resource Files</Filter>
    </Image>
    <Image Include="..\assets\Fondos\medescribencomo.jpeg">
      <Filter>Resource Files</Filter>
    </Image>
    <Image Include="..\assets\Fondos\noviacontinuar.png">
      <Filter>Resource Files</Filter>
    </Image>
    <Image Include="..\assets\Fondos\noviacuadro.jpeg">
      <Filter>Resource Files</Filter>
    </Image>
    <Image Include="..\assets\Fondos\noviacuadrocontinuar.png">
      <Filter>Resource Files</Filter>
    </Image>
    <Image Include="..\assets\Fondos\pasillo.jpeg">
      <Filter>Resource Files</Filter>
    </Image>
    <Image Include="..\assets\Fondos\pasillocontinuar.png">
      <Filter>Resource Files</Filter>
    </Image>
    <Image Include="..\assets\Fondos\tulipanes.png">
      <Filter>Resource Files</Filter>
    </Image>
  </ItemGroup>
  <ItemGroup>
    <Font Include="..\assets\Fuentes\Cute Love.otf">
      <Filter>Resource Files</Filter>
    </Font>
    <Font Include="..\assets\Fuentes\Cute Love.ttf">
      <Filter>Resource Files</Filter>
    </Font>
  </ItemGroup>
  <ItemGroup>
    <Media Include="..\assets\Musica\musicalofi.mp3">
      <Filter>Resource Files</Filter>
    </Media>
  </ItemGroup>
  <ItemGroup>
    <None Include="sfml-window-d-3.dll" />
    <None Include="sfml-window-3.dll" />
    <None Include="sfml-system-d-3.dll" />
    <None Include="sfml-system-3.dll" />
    <None Include="sfml-network-d-3.dll" />
    <None Include="sfml-network-3.dll" />
    <None Include="sfml-graphics-d-3.dll" />
    <None Include="sfml-graphics-3.dll" />
    <None Include="sfml-audio-d-3.dll" />
    <None Include="sfml-audio-3.dll" />
  </ItemGroup>
</Project>